
Microsoft Visual Studio Solution File, Format Version 12.00
# Visual Studio Version 17
VisualStudioVersion = 17.14.36414.22 d17.14
MinimumVisualStudioVersion = 10.0.40219.1
Project("{FAE04EC0-301F-11D3-BF4B-00C04F79EFBC}") = "Boichik", "Boichik\Boichik.csproj", "{6634BA3B-93C2-4A42-8F98-9A798BDB6F94}"
EndProject
Global
	GlobalSection(SolutionConfigurationPlatforms) = preSolution
		Debug|Any CPU = Debug|Any CPU
		Release|Any CPU = Release|Any CPU
	EndGlobalSection
	GlobalSection(ProjectConfigurationPlatforms) = postSolution
		{6634BA3B-93C2-4A42-8F98-9A798BDB6F94}.Debug|Any CPU.ActiveCfg = Debug|Any CPU
		{6634BA3B-93C2-4A42-8F98-9A798BDB6F94}.Debug|Any CPU.Build.0 = Debug|Any CPU
		{6634BA3B-93C2-4A42-8F98-9A798BDB6F94}.Release|Any CPU.ActiveCfg = Release|Any CPU
		{6634BA3B-93C2-4A42-8F98-9A798BDB6F94}.Release|Any CPU.Build.0 = Release|Any CPU
	EndGlobalSection
	GlobalSection(SolutionProperties) = preSolution
		HideSolutionNode = FALSE
	EndGlobalSection
	GlobalSection(ExtensibilityGlobals) = postSolution
		SolutionGuid = {32E7D818-4B29-44E7-B020-3ABCA0BE9782}
	EndGlobalSection
EndGlobal
